// !$*UTF8*$!
{
	archiveVersion = 1;
	classes = {
	};
	objectVersion = 56;
	objects = {

/* Begin PBXBuildFile section */
		8C483AEE2ADE5799008F51B6 /* AppDelegate.swift in Sources */ = {isa = PBXBuildFile; fileRef = 8C483AED2ADE5799008F51B6 /* AppDelegate.swift */; };
		8C483AF02ADE5799008F51B6 /* SceneDelegate.swift in Sources */ = {isa = PBXBuildFile; fileRef = 8C483AEF2ADE5799008F51B6 /* SceneDelegate.swift */; };
		8C483AF22ADE5799008F51B6 /* ViewController.swift in Sources */ = {isa = PBXBuildFile; fileRef = 8C483AF12ADE5799008F51B6 /* ViewController.swift */; };
		8C483AF52ADE5799008F51B6 /* Main.storyboard in Resources */ = {isa = PBXBuildFile; fileRef = 8C483AF32ADE5799008F51B6 /* Main.storyboard */; };
		8C483AF72ADE579A008F51B6 /* Assets.xcassets in Resources */ = {isa = PBXBuildFile; fileRef = 8C483AF62ADE579A008F51B6 /* Assets.xcassets */; };
		8C483AFA2ADE579A008F51B6 /* LaunchScreen.storyboard in Resources */ = {isa = PBXBuildFile; fileRef = 8C483AF82ADE579A008F51B6 /* LaunchScreen.storyboard */; };
		8C7E23D02ADE62F600C59253 /* HomeViewController.swift in Sources */ = {isa = PBXBuildFile; fileRef = 8C7E23CF2ADE62F600C59253 /* HomeViewController.swift */; };
		8C7E23D22ADE633000C59253 /* HomeCollectionViewCell.swift in Sources */ = {isa = PBXBuildFile; fileRef = 8C7E23D12ADE633000C59253 /* HomeCollectionViewCell.swift */; };
		8C7E23D72ADE650900C59253 /* APIService.swift in Sources */ = {isa = PBXBuildFile; fileRef = 8C7E23D62ADE650900C59253 /* APIService.swift */; };
		8C7E23DA2ADE653F00C59253 /* HomeRequestModel.swift in Sources */ = {isa = PBXBuildFile; fileRef = 8C7E23D92ADE653F00C59253 /* HomeRequestModel.swift */; };
		8C7E23DC2ADE654600C59253 /* HomeResponseModel.swift in Sources */ = {isa = PBXBuildFile; fileRef = 8C7E23DB2ADE654600C59253 /* HomeResponseModel.swift */; };
		8C7E23DE2ADE656C00C59253 /* ForYouModel.swift in Sources */ = {isa = PBXBuildFile; fileRef = 8C7E23DD2ADE656C00C59253 /* ForYouModel.swift */; };
		8C7E23E02ADE658300C59253 /* APIEndPoints.swift in Sources */ = {isa = PBXBuildFile; fileRef = 8C7E23DF2ADE658300C59253 /* APIEndPoints.swift */; };
		8C7E23E22ADE6C1800C59253 /* CustomCollectionViewLayout.swift in Sources */ = {isa = PBXBuildFile; fileRef = 8C7E23E12ADE6C1800C59253 /* CustomCollectionViewLayout.swift */; };
		8C7E23E42ADE805E00C59253 /* HomeAnswerTableViewCell.swift in Sources */ = {isa = PBXBuildFile; fileRef = 8C7E23E32ADE805E00C59253 /* HomeAnswerTableViewCell.swift */; };
		8C7E23E72ADE84B800C59253 /* UIView+Extension.swift in Sources */ = {isa = PBXBuildFile; fileRef = 8C7E23E62ADE84B800C59253 /* UIView+Extension.swift */; };
		8C7E23EA2ADE86FF00C59253 /* AnswerSelectedProtocol.swift in Sources */ = {isa = PBXBuildFile; fileRef = 8C7E23E92ADE86FF00C59253 /* AnswerSelectedProtocol.swift */; };
		8C7E23EC2ADE945600C59253 /* UIImageView+Extension.swift in Sources */ = {isa = PBXBuildFile; fileRef = 8C7E23EB2ADE945600C59253 /* UIImageView+Extension.swift */; };
		8C7E23EF2ADEB44000C59253 /* HomeViewController+Timer.swift in Sources */ = {isa = PBXBuildFile; fileRef = 8C7E23EE2ADEB44000C59253 /* HomeViewController+Timer.swift */; };
		8C7E23F12ADEC3EC00C59253 /* HomeViewController+ActivityIndicator.swift in Sources */ = {isa = PBXBuildFile; fileRef = 8C7E23F02ADEC3EC00C59253 /* HomeViewController+ActivityIndicator.swift */; };
		8C7E23FD2ADECFD000C59253 /* SF-Pro-Rounded-Regular.otf in Resources */ = {isa = PBXBuildFile; fileRef = 8C7E23F42ADECFCF00C59253 /* SF-Pro-Rounded-Regular.otf */; };
		8C7E23FE2ADECFD000C59253 /* SF-Pro-Rounded-Bold.otf in Resources */ = {isa = PBXBuildFile; fileRef = 8C7E23F52ADECFCF00C59253 /* SF-Pro-Rounded-Bold.otf */; };
		8C7E23FF2ADECFD000C59253 /* SF-Pro-Rounded-Semibold.otf in Resources */ = {isa = PBXBuildFile; fileRef = 8C7E23F62ADECFCF00C59253 /* SF-Pro-Rounded-Semibold.otf */; };
		8C7E24002ADECFD000C59253 /* SF-Pro-Rounded-Black.otf in Resources */ = {isa = PBXBuildFile; fileRef = 8C7E23F72ADECFCF00C59253 /* SF-Pro-Rounded-Black.otf */; };
		8C7E24012ADECFD000C59253 /* SF-Pro-Rounded-Ultralight.otf in Resources */ = {isa = PBXBuildFile; fileRef = 8C7E23F82ADECFD000C59253 /* SF-Pro-Rounded-Ultralight.otf */; };
		8C7E24022ADECFD000C59253 /* SF-Pro-Rounded-Heavy.otf in Resources */ = {isa = PBXBuildFile; fileRef = 8C7E23F92ADECFD000C59253 /* SF-Pro-Rounded-Heavy.otf */; };
		8C7E24032ADECFD000C59253 /* SF-Pro-Rounded-Thin.otf in Resources */ = {isa = PBXBuildFile; fileRef = 8C7E23FA2ADECFD000C59253 /* SF-Pro-Rounded-Thin.otf */; };
		8C7E24042ADECFD000C59253 /* SF-Pro-Rounded-Light.otf in Resources */ = {isa = PBXBuildFile; fileRef = 8C7E23FB2ADECFD000C59253 /* SF-Pro-Rounded-Light.otf */; };
		8C7E24052ADECFD000C59253 /* SF-Pro-Rounded-Medium.otf in Resources */ = {isa = PBXBuildFile; fileRef = 8C7E23FC2ADECFD000C59253 /* SF-Pro-Rounded-Medium.otf */; };
		8CBD7ECD2ADEE04B005E0D86 /* HomeViewController+CollectionView.swift in Sources */ = {isa = PBXBuildFile; fileRef = 8CBD7ECC2ADEE04B005E0D86 /* HomeViewController+CollectionView.swift */; };
		8CBD7ECF2ADEE081005E0D86 /* HomeViewController+AnswerProtocol.swift in Sources */ = {isa = PBXBuildFile; fileRef = 8CBD7ECE2ADEE081005E0D86 /* HomeViewController+AnswerProtocol.swift */; };
		9E7C7126E737408451749C6C /* Pods_Real_Work_Assignment.framework in Frameworks */ = {isa = PBXBuildFile; fileRef = CE0CD22CF3FBED0C127E95E9 /* Pods_Real_Work_Assignment.framework */; };
/* End PBXBuildFile section */

/* Begin PBXFileReference section */
		7C72FF5DC231F9B791B228B7 /* Pods-Real-Work-Assignment.debug.xcconfig */ = {isa = PBXFileReference; includeInIndex = 1; lastKnownFileType = text.xcconfig; name = "Pods-Real-Work-Assignment.debug.xcconfig"; path = "Target Support Files/Pods-Real-Work-Assignment/Pods-Real-Work-Assignment.debug.xcconfig"; sourceTree = "<group>"; };
		8C483AEA2ADE5799008F51B6 /* Real-Work-Assignment.app */ = {isa = PBXFileReference; explicitFileType = wrapper.application; includeInIndex = 0; path = "Real-Work-Assignment.app"; sourceTree = BUILT_PRODUCTS_DIR; };
		8C483AED2ADE5799008F51B6 /* AppDelegate.swift */ = {isa = PBXFileReference; lastKnownFileType = sourcecode.swift; path = AppDelegate.swift; sourceTree = "<group>"; };
		8C483AEF2ADE5799008F51B6 /* SceneDelegate.swift */ = {isa = PBXFileReference; lastKnownFileType = sourcecode.swift; path = SceneDelegate.swift; sourceTree = "<group>"; };
		8C483AF12ADE5799008F51B6 /* ViewController.swift */ = {isa = PBXFileReference; lastKnownFileType = sourcecode.swift; path = ViewController.swift; sourceTree = "<group>"; };
		8C483AF42ADE5799008F51B6 /* Base */ = {isa = PBXFileReference; lastKnownFileType = file.storyboard; name = Base; path = Base.lproj/Main.storyboard; sourceTree = "<group>"; };
		8C483AF62ADE579A008F51B6 /* Assets.xcassets */ = {isa = PBXFileReference; lastKnownFileType = folder.assetcatalog; path = Assets.xcassets; sourceTree = "<group>"; };
		8C483AF92ADE579A008F51B6 /* Base */ = {isa = PBXFileReference; lastKnownFileType = file.storyboard; name = Base; path = Base.lproj/LaunchScreen.storyboard; sourceTree = "<group>"; };
		8C483AFB2ADE579A008F51B6 /* Info.plist */ = {isa = PBXFileReference; lastKnownFileType = text.plist.xml; path = Info.plist; sourceTree = "<group>"; };
		8C7E23CF2ADE62F600C59253 /* HomeViewController.swift */ = {isa = PBXFileReference; lastKnownFileType = sourcecode.swift; path = HomeViewController.swift; sourceTree = "<group>"; };
		8C7E23D12ADE633000C59253 /* HomeCollectionViewCell.swift */ = {isa = PBXFileReference; lastKnownFileType = sourcecode.swift; path = HomeCollectionViewCell.swift; sourceTree = "<group>"; };
		8C7E23D62ADE650900C59253 /* APIService.swift */ = {isa = PBXFileReference; lastKnownFileType = sourcecode.swift; path = APIService.swift; sourceTree = "<group>"; };
		8C7E23D92ADE653F00C59253 /* HomeRequestModel.swift */ = {isa = PBXFileReference; lastKnownFileType = sourcecode.swift; path = HomeRequestModel.swift; sourceTree = "<group>"; };
		8C7E23DB2ADE654600C59253 /* HomeResponseModel.swift */ = {isa = PBXFileReference; lastKnownFileType = sourcecode.swift; path = HomeResponseModel.swift; sourceTree = "<group>"; };
		8C7E23DD2ADE656C00C59253 /* ForYouModel.swift */ = {isa = PBXFileReference; lastKnownFileType = sourcecode.swift; path = ForYouModel.swift; sourceTree = "<group>"; };
		8C7E23DF2ADE658300C59253 /* APIEndPoints.swift */ = {isa = PBXFileReference; lastKnownFileType = sourcecode.swift; path = APIEndPoints.swift; sourceTree = "<group>"; };
		8C7E23E12ADE6C1800C59253 /* CustomCollectionViewLayout.swift */ = {isa = PBXFileReference; lastKnownFileType = sourcecode.swift; path = CustomCollectionViewLayout.swift; sourceTree = "<group>"; };
		8C7E23E32ADE805E00C59253 /* HomeAnswerTableViewCell.swift */ = {isa = PBXFileReference; lastKnownFileType = sourcecode.swift; path = HomeAnswerTableViewCell.swift; sourceTree = "<group>"; };
		8C7E23E62ADE84B800C59253 /* UIView+Extension.swift */ = {isa = PBXFileReference; lastKnownFileType = sourcecode.swift; path = "UIView+Extension.swift"; sourceTree = "<group>"; };
		8C7E23E92ADE86FF00C59253 /* AnswerSelectedProtocol.swift */ = {isa = PBXFileReference; lastKnownFileType = sourcecode.swift; path = AnswerSelectedProtocol.swift; sourceTree = "<group>"; };
		8C7E23EB2ADE945600C59253 /* UIImageView+Extension.swift */ = {isa = PBXFileReference; lastKnownFileType = sourcecode.swift; path = "UIImageView+Extension.swift"; sourceTree = "<group>"; };
		8C7E23EE2ADEB44000C59253 /* HomeViewController+Timer.swift */ = {isa = PBXFileReference; lastKnownFileType = sourcecode.swift; path = "HomeViewController+Timer.swift"; sourceTree = "<group>"; };
		8C7E23F02ADEC3EC00C59253 /* HomeViewController+ActivityIndicator.swift */ = {isa = PBXFileReference; lastKnownFileType = sourcecode.swift; path = "HomeViewController+ActivityIndicator.swift"; sourceTree = "<group>"; };
		8C7E23F42ADECFCF00C59253 /* SF-Pro-Rounded-Regular.otf */ = {isa = PBXFileReference; lastKnownFileType = file; path = "SF-Pro-Rounded-Regular.otf"; sourceTree = "<group>"; };
		8C7E23F52ADECFCF00C59253 /* SF-Pro-Rounded-Bold.otf */ = {isa = PBXFileReference; lastKnownFileType = file; path = "SF-Pro-Rounded-Bold.otf"; sourceTree = "<group>"; };
		8C7E23F62ADECFCF00C59253 /* SF-Pro-Rounded-Semibold.otf */ = {isa = PBXFileReference; lastKnownFileType = file; path = "SF-Pro-Rounded-Semibold.otf"; sourceTree = "<group>"; };
		8C7E23F72ADECFCF00C59253 /* SF-Pro-Rounded-Black.otf */ = {isa = PBXFileReference; lastKnownFileType = file; path = "SF-Pro-Rounded-Black.otf"; sourceTree = "<group>"; };
		8C7E23F82ADECFD000C59253 /* SF-Pro-Rounded-Ultralight.otf */ = {isa = PBXFileReference; lastKnownFileType = file; path = "SF-Pro-Rounded-Ultralight.otf"; sourceTree = "<group>"; };
		8C7E23F92ADECFD000C59253 /* SF-Pro-Rounded-Heavy.otf */ = {isa = PBXFileReference; lastKnownFileType = file; path = "SF-Pro-Rounded-Heavy.otf"; sourceTree = "<group>"; };
		8C7E23FA2ADECFD000C59253 /* SF-Pro-Rounded-Thin.otf */ = {isa = PBXFileReference; lastKnownFileType = file; path = "SF-Pro-Rounded-Thin.otf"; sourceTree = "<group>"; };
		8C7E23FB2ADECFD000C59253 /* SF-Pro-Rounded-Light.otf */ = {isa = PBXFileReference; lastKnownFileType = file; path = "SF-Pro-Rounded-Light.otf"; sourceTree = "<group>"; };
		8C7E23FC2ADECFD000C59253 /* SF-Pro-Rounded-Medium.otf */ = {isa = PBXFileReference; lastKnownFileType = file; path = "SF-Pro-Rounded-Medium.otf"; sourceTree = "<group>"; };
		8CBD7ECC2ADEE04B005E0D86 /* HomeViewController+CollectionView.swift */ = {isa = PBXFileReference; lastKnownFileType = sourcecode.swift; path = "HomeViewController+CollectionView.swift"; sourceTree = "<group>"; };
		8CBD7ECE2ADEE081005E0D86 /* HomeViewController+AnswerProtocol.swift */ = {isa = PBXFileReference; lastKnownFileType = sourcecode.swift; path = "HomeViewController+AnswerProtocol.swift"; sourceTree = "<group>"; };
		A87DE3539807BDFC3EEA4E3F /* Pods-Real-Work-Assignment.release.xcconfig */ = {isa = PBXFileReference; includeInIndex = 1; lastKnownFileType = text.xcconfig; name = "Pods-Real-Work-Assignment.release.xcconfig"; path = "Target Support Files/Pods-Real-Work-Assignment/Pods-Real-Work-Assignment.release.xcconfig"; sourceTree = "<group>"; };
		CE0CD22CF3FBED0C127E95E9 /* Pods_Real_Work_Assignment.framework */ = {isa = PBXFileReference; explicitFileType = wrapper.framework; includeInIndex = 0; path = Pods_Real_Work_Assignment.framework; sourceTree = BUILT_PRODUCTS_DIR; };
/* End PBXFileReference section */

/* Begin PBXFrameworksBuildPhase section */
		8C483AE72ADE5799008F51B6 /* Frameworks */ = {
			isa = PBXFrameworksBuildPhase;
			buildActionMask = 2147483647;
			files = (
				9E7C7126E737408451749C6C /* Pods_Real_Work_Assignment.framework in Frameworks */,
			);
			runOnlyForDeploymentPostprocessing = 0;
		};
/* End PBXFrameworksBuildPhase section */

/* Begin PBXGroup section */
		8C483AE12ADE5799008F51B6 = {
			isa = PBXGroup;
			children = (
				8C483AEC2ADE5799008F51B6 /* Real-Work-Assignment */,
				8C483AEB2ADE5799008F51B6 /* Products */,
				CD25F584A5C089D85588FDF8 /* Pods */,
				B39041640300B29A8738F3BF /* Frameworks */,
			);
			sourceTree = "<group>";
		};
		8C483AEB2ADE5799008F51B6 /* Products */ = {
			isa = PBXGroup;
			children = (
				8C483AEA2ADE5799008F51B6 /* Real-Work-Assignment.app */,
			);
			name = Products;
			sourceTree = "<group>";
		};
		8C483AEC2ADE5799008F51B6 /* Real-Work-Assignment */ = {
			isa = PBXGroup;
			children = (
				8C7E23F22ADECFB300C59253 /* Resources */,
				8C7E23E82ADE86CF00C59253 /* Protocols */,
				8C7E23E52ADE84A400C59253 /* Helpers */,
				8C7E23D82ADE653100C59253 /* Model */,
				8C7E23D52ADE64FB00C59253 /* Core */,
				8C7E23D42ADE649000C59253 /* Views */,
				8C7E23D32ADE647F00C59253 /* ViewController */,
				8C483AED2ADE5799008F51B6 /* AppDelegate.swift */,
				8C483AEF2ADE5799008F51B6 /* SceneDelegate.swift */,
				8C483AF12ADE5799008F51B6 /* ViewController.swift */,
				8C483AF32ADE5799008F51B6 /* Main.storyboard */,
				8C483AF82ADE579A008F51B6 /* LaunchScreen.storyboard */,
				8C483AFB2ADE579A008F51B6 /* Info.plist */,
			);
			path = "Real-Work-Assignment";
			sourceTree = "<group>";
		};
		8C7E23D32ADE647F00C59253 /* ViewController */ = {
			isa = PBXGroup;
			children = (
				8CBD7ECB2ADEE01F005E0D86 /* Home */,
			);
			path = ViewController;
			sourceTree = "<group>";
		};
		8C7E23D42ADE649000C59253 /* Views */ = {
			isa = PBXGroup;
			children = (
				8C7E23D12ADE633000C59253 /* HomeCollectionViewCell.swift */,
				8C7E23E12ADE6C1800C59253 /* CustomCollectionViewLayout.swift */,
				8C7E23E32ADE805E00C59253 /* HomeAnswerTableViewCell.swift */,
			);
			path = Views;
			sourceTree = "<group>";
		};
		8C7E23D52ADE64FB00C59253 /* Core */ = {
			isa = PBXGroup;
			children = (
				8C7E23D62ADE650900C59253 /* APIService.swift */,
				8C7E23DF2ADE658300C59253 /* APIEndPoints.swift */,
			);
			path = Core;
			sourceTree = "<group>";
		};
		8C7E23D82ADE653100C59253 /* Model */ = {
			isa = PBXGroup;
			children = (
				8C7E23D92ADE653F00C59253 /* HomeRequestModel.swift */,
				8C7E23DB2ADE654600C59253 /* HomeResponseModel.swift */,
				8C7E23DD2ADE656C00C59253 /* ForYouModel.swift */,
			);
			path = Model;
			sourceTree = "<group>";
		};
		8C7E23E52ADE84A400C59253 /* Helpers */ = {
			isa = PBXGroup;
			children = (
				8C7E23E62ADE84B800C59253 /* UIView+Extension.swift */,
				8C7E23EB2ADE945600C59253 /* UIImageView+Extension.swift */,
			);
			path = Helpers;
			sourceTree = "<group>";
		};
		8C7E23E82ADE86CF00C59253 /* Protocols */ = {
			isa = PBXGroup;
			children = (
				8C7E23E92ADE86FF00C59253 /* AnswerSelectedProtocol.swift */,
			);
			path = Protocols;
			sourceTree = "<group>";
		};
		8C7E23F22ADECFB300C59253 /* Resources */ = {
			isa = PBXGroup;
			children = (
				8C483AF62ADE579A008F51B6 /* Assets.xcassets */,
				8C7E23F32ADECFBD00C59253 /* Fonts */,
			);
			path = Resources;
			sourceTree = "<group>";
		};
		8C7E23F32ADECFBD00C59253 /* Fonts */ = {
			isa = PBXGroup;
			children = (
				8C7E23F72ADECFCF00C59253 /* SF-Pro-Rounded-Black.otf */,
				8C7E23F52ADECFCF00C59253 /* SF-Pro-Rounded-Bold.otf */,
				8C7E23F92ADECFD000C59253 /* SF-Pro-Rounded-Heavy.otf */,
				8C7E23FB2ADECFD000C59253 /* SF-Pro-Rounded-Light.otf */,
				8C7E23FC2ADECFD000C59253 /* SF-Pro-Rounded-Medium.otf */,
				8C7E23F42ADECFCF00C59253 /* SF-Pro-Rounded-Regular.otf */,
				8C7E23F62ADECFCF00C59253 /* SF-Pro-Rounded-Semibold.otf */,
				8C7E23FA2ADECFD000C59253 /* SF-Pro-Rounded-Thin.otf */,
				8C7E23F82ADECFD000C59253 /* SF-Pro-Rounded-Ultralight.otf */,
			);
			path = Fonts;
			sourceTree = "<group>";
		};
		8CBD7ECB2ADEE01F005E0D86 /* Home */ = {
			isa = PBXGroup;
			children = (
				8C7E23CF2ADE62F600C59253 /* HomeViewController.swift */,
				8CBD7ECC2ADEE04B005E0D86 /* HomeViewController+CollectionView.swift */,
				8C7E23EE2ADEB44000C59253 /* HomeViewController+Timer.swift */,
				8C7E23F02ADEC3EC00C59253 /* HomeViewController+ActivityIndicator.swift */,
				8CBD7ECE2ADEE081005E0D86 /* HomeViewController+AnswerProtocol.swift */,
			);
			path = Home;
			sourceTree = "<group>";
		};
		B39041640300B29A8738F3BF /* Frameworks */ = {
			isa = PBXGroup;
			children = (
				CE0CD22CF3FBED0C127E95E9 /* Pods_Real_Work_Assignment.framework */,
			);
			name = Frameworks;
			sourceTree = "<group>";
		};
		CD25F584A5C089D85588FDF8 /* Pods */ = {
			isa = PBXGroup;
			children = (
				7C72FF5DC231F9B791B228B7 /* Pods-Real-Work-Assignment.debug.xcconfig */,
				A87DE3539807BDFC3EEA4E3F /* Pods-Real-Work-Assignment.release.xcconfig */,
			);
			path = Pods;
			sourceTree = "<group>";
		};
/* End PBXGroup section */

/* Begin PBXNativeTarget section */
		8C483AE92ADE5799008F51B6 /* Real-Work-Assignment */ = {
			isa = PBXNativeTarget;
			buildConfigurationList = 8C483AFE2ADE579A008F51B6 /* Build configuration list for PBXNativeTarget "Real-Work-Assignment" */;
			buildPhases = (
				9A0E4663931036FC84AFA071 /* [CP] Check Pods Manifest.lock */,
				8C483AE62ADE5799008F51B6 /* Sources */,
				8C483AE72ADE5799008F51B6 /* Frameworks */,
				8C483AE82ADE5799008F51B6 /* Resources */,
				4FF4B57F44F198EF3E09A097 /* [CP] Embed Pods Frameworks */,
			);
			buildRules = (
			);
			dependencies = (
			);
			name = "Real-Work-Assignment";
			productName = "Real-Work-Assignment";
			productReference = 8C483AEA2ADE5799008F51B6 /* Real-Work-Assignment.app */;
			productType = "com.apple.product-type.application";
		};
/* End PBXNativeTarget section */

/* Begin PBXProject section */
		8C483AE22ADE5799008F51B6 /* Project object */ = {
			isa = PBXProject;
			attributes = {
				BuildIndependentTargetsInParallel = 1;
				LastSwiftUpdateCheck = 1500;
				LastUpgradeCheck = 1500;
				TargetAttributes = {
					8C483AE92ADE5799008F51B6 = {
						CreatedOnToolsVersion = 15.0;
					};
				};
			};
			buildConfigurationList = 8C483AE52ADE5799008F51B6 /* Build configuration list for PBXProject "Real-Work-Assignment" */;
			compatibilityVersion = "Xcode 14.0";
			developmentRegion = en;
			hasScannedForEncodings = 0;
			knownRegions = (
				en,
				Base,
			);
			mainGroup = 8C483AE12ADE5799008F51B6;
			productRefGroup = 8C483AEB2ADE5799008F51B6 /* Products */;
			projectDirPath = "";
			projectRoot = "";
			targets = (
				8C483AE92ADE5799008F51B6 /* Real-Work-Assignment */,
			);
		};
/* End PBXProject section */

/* Begin PBXResourcesBuildPhase section */
		8C483AE82ADE5799008F51B6 /* Resources */ = {
			isa = PBXResourcesBuildPhase;
			buildActionMask = 2147483647;
			files = (
				8C483AFA2ADE579A008F51B6 /* LaunchScreen.storyboard in Resources */,
				8C7E23FF2ADECFD000C59253 /* SF-Pro-Rounded-Semibold.otf in Resources */,
				8C7E23FD2ADECFD000C59253 /* SF-Pro-Rounded-Regular.otf in Resources */,
				8C7E24052ADECFD000C59253 /* SF-Pro-Rounded-Medium.otf in Resources */,
				8C7E24032ADECFD000C59253 /* SF-Pro-Rounded-Thin.otf in Resources */,
				8C7E24042ADECFD000C59253 /* SF-Pro-Rounded-Light.otf in Resources */,
				8C7E24002ADECFD000C59253 /* SF-Pro-Rounded-Black.otf in Resources */,
				8C483AF72ADE579A008F51B6 /* Assets.xcassets in Resources */,
				8C7E24022ADECFD000C59253 /* SF-Pro-Rounded-Heavy.otf in Resources */,
				8C483AF52ADE5799008F51B6 /* Main.storyboard in Resources */,
				8C7E24012ADECFD000C59253 /* SF-Pro-Rounded-Ultralight.otf in Resources */,
				8C7E23FE2ADECFD000C59253 /* SF-Pro-Rounded-Bold.otf in Resources */,
			);
			runOnlyForDeploymentPostprocessing = 0;
		};
/* End PBXResourcesBuildPhase section */

/* Begin PBXShellScriptBuildPhase section */
		4FF4B57F44F198EF3E09A097 /* [CP] Embed Pods Frameworks */ = {
			isa = PBXShellScriptBuildPhase;
			buildActionMask = 2147483647;
			files = (
			);
			inputFileListPaths = (
				"${PODS_ROOT}/Target Support Files/Pods-Real-Work-Assignment/Pods-Real-Work-Assignment-frameworks-${CONFIGURATION}-input-files.xcfilelist",
			);
			name = "[CP] Embed Pods Frameworks";
			outputFileListPaths = (
				"${PODS_ROOT}/Target Support Files/Pods-Real-Work-Assignment/Pods-Real-Work-Assignment-frameworks-${CONFIGURATION}-output-files.xcfilelist",
			);
			runOnlyForDeploymentPostprocessing = 0;
			shellPath = /bin/sh;
			shellScript = "\"${PODS_ROOT}/Target Support Files/Pods-Real-Work-Assignment/Pods-Real-Work-Assignment-frameworks.sh\"\n";
			showEnvVarsInLog = 0;
		};
		9A0E4663931036FC84AFA071 /* [CP] Check Pods Manifest.lock */ = {
			isa = PBXShellScriptBuildPhase;
			buildActionMask = 2147483647;
			files = (
			);
			inputFileListPaths = (
			);
			inputPaths = (
				"${PODS_PODFILE_DIR_PATH}/Podfile.lock",
				"${PODS_ROOT}/Manifest.lock",
			);
			name = "[CP] Check Pods Manifest.lock";
			outputFileListPaths = (
			);
			outputPaths = (
				"$(DERIVED_FILE_DIR)/Pods-Real-Work-Assignment-checkManifestLockResult.txt",
			);
			runOnlyForDeploymentPostprocessing = 0;
			shellPath = /bin/sh;
			shellScript = "diff \"${PODS_PODFILE_DIR_PATH}/Podfile.lock\" \"${PODS_ROOT}/Manifest.lock\" > /dev/null\nif [ $? != 0 ] ; then\n    # print error to STDERR\n    echo \"error: The sandbox is not in sync with the Podfile.lock. Run 'pod install' or update your CocoaPods installation.\" >&2\n    exit 1\nfi\n# This output is used by Xcode 'outputs' to avoid re-running this script phase.\necho \"SUCCESS\" > \"${SCRIPT_OUTPUT_FILE_0}\"\n";
			showEnvVarsInLog = 0;
		};
/* End PBXShellScriptBuildPhase section */

/* Begin PBXSourcesBuildPhase section */
		8C483AE62ADE5799008F51B6 /* Sources */ = {
			isa = PBXSourcesBuildPhase;
			buildActionMask = 2147483647;
			files = (
				8C7E23EC2ADE945600C59253 /* UIImageView+Extension.swift in Sources */,
				8C7E23EA2ADE86FF00C59253 /* AnswerSelectedProtocol.swift in Sources */,
				8C7E23E42ADE805E00C59253 /* HomeAnswerTableViewCell.swift in Sources */,
				8C7E23E72ADE84B800C59253 /* UIView+Extension.swift in Sources */,
				8C7E23D22ADE633000C59253 /* HomeCollectionViewCell.swift in Sources */,
				8C483AF22ADE5799008F51B6 /* ViewController.swift in Sources */,
				8C7E23DE2ADE656C00C59253 /* ForYouModel.swift in Sources */,
				8C7E23E02ADE658300C59253 /* APIEndPoints.swift in Sources */,
				8C483AEE2ADE5799008F51B6 /* AppDelegate.swift in Sources */,
				8C7E23DC2ADE654600C59253 /* HomeResponseModel.swift in Sources */,
				8CBD7ECD2ADEE04B005E0D86 /* HomeViewController+CollectionView.swift in Sources */,
				8C483AF02ADE5799008F51B6 /* SceneDelegate.swift in Sources */,
				8C7E23DA2ADE653F00C59253 /* HomeRequestModel.swift in Sources */,
				8C7E23F12ADEC3EC00C59253 /* HomeViewController+ActivityIndicator.swift in Sources */,
				8C7E23D72ADE650900C59253 /* APIService.swift in Sources */,
				8C7E23EF2ADEB44000C59253 /* HomeViewController+Timer.swift in Sources */,
				8CBD7ECF2ADEE081005E0D86 /* HomeViewController+AnswerProtocol.swift in Sources */,
				8C7E23E22ADE6C1800C59253 /* CustomCollectionViewLayout.swift in Sources */,
				8C7E23D02ADE62F600C59253 /* HomeViewController.swift in Sources */,
			);
			runOnlyForDeploymentPostprocessing = 0;
		};
/* End PBXSourcesBuildPhase section */

/* Begin PBXVariantGroup section */
		8C483AF32ADE5799008F51B6 /* Main.storyboard */ = {
			isa = PBXVariantGroup;
			children = (
				8C483AF42ADE5799008F51B6 /* Base */,
			);
			name = Main.storyboard;
			sourceTree = "<group>";
		};
		8C483AF82ADE579A008F51B6 /* LaunchScreen.storyboard */ = {
			isa = PBXVariantGroup;
			children = (
				8C483AF92ADE579A008F51B6 /* Base */,
			);
			name = LaunchScreen.storyboard;
			sourceTree = "<group>";
		};
/* End PBXVariantGroup section */

/* Begin XCBuildConfiguration section */
		8C483AFC2ADE579A008F51B6 /* Debug */ = {
			isa = XCBuildConfiguration;
			buildSettings = {
				ALWAYS_SEARCH_USER_PATHS = NO;
				ASSETCATALOG_COMPILER_GENERATE_SWIFT_ASSET_SYMBOL_EXTENSIONS = YES;
				CLANG_ANALYZER_NONNULL = YES;
				CLANG_ANALYZER_NUMBER_OBJECT_CONVERSION = YES_AGGRESSIVE;
				CLANG_CXX_LANGUAGE_STANDARD = "gnu++20";
				CLANG_ENABLE_MODULES = YES;
				CLANG_ENABLE_OBJC_ARC = YES;
				CLANG_ENABLE_OBJC_WEAK = YES;
				CLANG_WARN_BLOCK_CAPTURE_AUTORELEASING = YES;
				CLANG_WARN_BOOL_CONVERSION = YES;
				CLANG_WARN_COMMA = YES;
				CLANG_WARN_CONSTANT_CONVERSION = YES;
				CLANG_WARN_DEPRECATED_OBJC_IMPLEMENTATIONS = YES;
				CLANG_WARN_DIRECT_OBJC_ISA_USAGE = YES_ERROR;
				CLANG_WARN_DOCUMENTATION_COMMENTS = YES;
				CLANG_WARN_EMPTY_BODY = YES;
				CLANG_WARN_ENUM_CONVERSION = YES;
				CLANG_WARN_INFINITE_RECURSION = YES;
				CLANG_WARN_INT_CONVERSION = YES;
				CLANG_WARN_NON_LITERAL_NULL_CONVERSION = YES;
				CLANG_WARN_OBJC_IMPLICIT_RETAIN_SELF = YES;
				CLANG_WARN_OBJC_LITERAL_CONVERSION = YES;
				CLANG_WARN_OBJC_ROOT_CLASS = YES_ERROR;
				CLANG_WARN_QUOTED_INCLUDE_IN_FRAMEWORK_HEADER = YES;
				CLANG_WARN_RANGE_LOOP_ANALYSIS = YES;
				CLANG_WARN_STRICT_PROTOTYPES = YES;
				CLANG_WARN_SUSPICIOUS_MOVE = YES;
				CLANG_WARN_UNGUARDED_AVAILABILITY = YES_AGGRESSIVE;
				CLANG_WARN_UNREACHABLE_CODE = YES;
				CLANG_WARN__DUPLICATE_METHOD_MATCH = YES;
				COPY_PHASE_STRIP = NO;
				DEBUG_INFORMATION_FORMAT = dwarf;
				ENABLE_STRICT_OBJC_MSGSEND = YES;
				ENABLE_TESTABILITY = YES;
				ENABLE_USER_SCRIPT_SANDBOXING = YES;
				GCC_C_LANGUAGE_STANDARD = gnu17;
				GCC_DYNAMIC_NO_PIC = NO;
				GCC_NO_COMMON_BLOCKS = YES;
				GCC_OPTIMIZATION_LEVEL = 0;
				GCC_PREPROCESSOR_DEFINITIONS = (
					"DEBUG=1",
					"$(inherited)",
				);
				GCC_WARN_64_TO_32_BIT_CONVERSION = YES;
				GCC_WARN_ABOUT_RETURN_TYPE = YES_ERROR;
				GCC_WARN_UNDECLARED_SELECTOR = YES;
				GCC_WARN_UNINITIALIZED_AUTOS = YES_AGGRESSIVE;
				GCC_WARN_UNUSED_FUNCTION = YES;
				GCC_WARN_UNUSED_VARIABLE = YES;
				IPHONEOS_DEPLOYMENT_TARGET = 17.0;
				LOCALIZATION_PREFERS_STRING_CATALOGS = YES;
				MTL_ENABLE_DEBUG_INFO = INCLUDE_SOURCE;
				MTL_FAST_MATH = YES;
				ONLY_ACTIVE_ARCH = YES;
				SDKROOT = iphoneos;
				SWIFT_ACTIVE_COMPILATION_CONDITIONS = "DEBUG $(inherited)";
				SWIFT_OPTIMIZATION_LEVEL = "-Onone";
			};
			name = Debug;
		};
		8C483AFD2ADE579A008F51B6 /* Release */ = {
			isa = XCBuildConfiguration;
			buildSettings = {
				ALWAYS_SEARCH_USER_PATHS = NO;
				ASSETCATALOG_COMPILER_GENERATE_SWIFT_ASSET_SYMBOL_EXTENSIONS = YES;
				CLANG_ANALYZER_NONNULL = YES;
				CLANG_ANALYZER_NUMBER_OBJECT_CONVERSION = YES_AGGRESSIVE;
				CLANG_CXX_LANGUAGE_STANDARD = "gnu++20";
				CLANG_ENABLE_MODULES = YES;
				CLANG_ENABLE_OBJC_ARC = YES;
				CLANG_ENABLE_OBJC_WEAK = YES;
				CLANG_WARN_BLOCK_CAPTURE_AUTORELEASING = YES;
				CLANG_WARN_BOOL_CONVERSION = YES;
				CLANG_WARN_COMMA = YES;
				CLANG_WARN_CONSTANT_CONVERSION = YES;
				CLANG_WARN_DEPRECATED_OBJC_IMPLEMENTATIONS = YES;
				CLANG_WARN_DIRECT_OBJC_ISA_USAGE = YES_ERROR;
				CLANG_WARN_DOCUMENTATION_COMMENTS = YES;
				CLANG_WARN_EMPTY_BODY = YES;
				CLANG_WARN_ENUM_CONVERSION = YES;
				CLANG_WARN_INFINITE_RECURSION = YES;
				CLANG_WARN_INT_CONVERSION = YES;
				CLANG_WARN_NON_LITERAL_NULL_CONVERSION = YES;
				CLANG_WARN_OBJC_IMPLICIT_RETAIN_SELF = YES;
				CLANG_WARN_OBJC_LITERAL_CONVERSION = YES;
				CLANG_WARN_OBJC_ROOT_CLASS = YES_ERROR;
				CLANG_WARN_QUOTED_INCLUDE_IN_FRAMEWORK_HEADER = YES;
				CLANG_WARN_RANGE_LOOP_ANALYSIS = YES;
				CLANG_WARN_STRICT_PROTOTYPES = YES;
				CLANG_WARN_SUSPICIOUS_MOVE = YES;
				CLANG_WARN_UNGUARDED_AVAILABILITY = YES_AGGRESSIVE;
				CLANG_WARN_UNREACHABLE_CODE = YES;
				CLANG_WARN__DUPLICATE_METHOD_MATCH = YES;
				COPY_PHASE_STRIP = NO;
				DEBUG_INFORMATION_FORMAT = "dwarf-with-dsym";
				ENABLE_NS_ASSERTIONS = NO;
				ENABLE_STRICT_OBJC_MSGSEND = YES;
				ENABLE_USER_SCRIPT_SANDBOXING = YES;
				GCC_C_LANGUAGE_STANDARD = gnu17;
				GCC_NO_COMMON_BLOCKS = YES;
				GCC_WARN_64_TO_32_BIT_CONVERSION = YES;
				GCC_WARN_ABOUT_RETURN_TYPE = YES_ERROR;
				GCC_WARN_UNDECLARED_SELECTOR = YES;
				GCC_WARN_UNINITIALIZED_AUTOS = YES_AGGRESSIVE;
				GCC_WARN_UNUSED_FUNCTION = YES;
				GCC_WARN_UNUSED_VARIABLE = YES;
				IPHONEOS_DEPLOYMENT_TARGET = 17.0;
				LOCALIZATION_PREFERS_STRING_CATALOGS = YES;
				MTL_ENABLE_DEBUG_INFO = NO;
				MTL_FAST_MATH = YES;
				SDKROOT = iphoneos;
				SWIFT_COMPILATION_MODE = wholemodule;
				VALIDATE_PRODUCT = YES;
			};
			name = Release;
		};
		8C483AFF2ADE579A008F51B6 /* Debug */ = {
			isa = XCBuildConfiguration;
			baseConfigurationReference = 7C72FF5DC231F9B791B228B7 /* Pods-Real-Work-Assignment.debug.xcconfig */;
			buildSettings = {
				ASSETCATALOG_COMPILER_APPICON_NAME = AppIcon;
				ASSETCATALOG_COMPILER_GLOBAL_ACCENT_COLOR_NAME = AccentColor;
				CODE_SIGN_STYLE = Automatic;
				CURRENT_PROJECT_VERSION = 1;
				ENABLE_USER_SCRIPT_SANDBOXING = NO;
				GENERATE_INFOPLIST_FILE = YES;
				INFOPLIST_FILE = "Real-Work-Assignment/Info.plist";
				INFOPLIST_KEY_UIApplicationSupportsIndirectInputEvents = YES;
				INFOPLIST_KEY_UILaunchStoryboardName = LaunchScreen;
				INFOPLIST_KEY_UIMainStoryboardFile = Main;
				INFOPLIST_KEY_UISupportedInterfaceOrientations_iPad = "UIInterfaceOrientationPortrait UIInterfaceOrientationPortraitUpsideDown UIInterfaceOrientationLandscapeLeft UIInterfaceOrientationLandscapeRight";
				INFOPLIST_KEY_UISupportedInterfaceOrientations_iPhone = "UIInterfaceOrientationPortrait UIInterfaceOrientationLandscapeLeft UIInterfaceOrientationLandscapeRight";
				LD_RUNPATH_SEARCH_PATHS = (
					"$(inherited)",
					"@executable_path/Frameworks",
				);
				MARKETING_VERSION = 1.0;
				PRODUCT_BUNDLE_IDENTIFIER = "com.codeNinja.Real-Work-Assignment";
				PRODUCT_NAME = "$(TARGET_NAME)";
				SWIFT_EMIT_LOC_STRINGS = YES;
				SWIFT_VERSION = 5.0;
				TARGETED_DEVICE_FAMILY = "1,2";
			};
			name = Debug;
		};
		8C483B002ADE579A008F51B6 /* Release */ = {
			isa = XCBuildConfiguration;
			baseConfigurationReference = A87DE3539807BDFC3EEA4E3F /* Pods-Real-Work-Assignment.release.xcconfig */;
			buildSettings = {
				ASSETCATALOG_COMPILER_APPICON_NAME = AppIcon;
				ASSETCATALOG_COMPILER_GLOBAL_ACCENT_COLOR_NAME = AccentColor;
				CODE_SIGN_STYLE = Automatic;
				CURRENT_PROJECT_VERSION = 1;
				ENABLE_USER_SCRIPT_SANDBOXING = NO;
				GENERATE_INFOPLIST_FILE = YES;
				INFOPLIST_FILE = "Real-Work-Assignment/Info.plist";
				INFOPLIST_KEY_UIApplicationSupportsIndirectInputEvents = YES;
				INFOPLIST_KEY_UILaunchStoryboardName = LaunchScreen;
				INFOPLIST_KEY_UIMainStoryboardFile = Main;
				INFOPLIST_KEY_UISupportedInterfaceOrientations_iPad = "UIInterfaceOrientationPortrait UIInterfaceOrientationPortraitUpsideDown UIInterfaceOrientationLandscapeLeft UIInterfaceOrientationLandscapeRight";
				INFOPLIST_KEY_UISupportedInterfaceOrientations_iPhone = "UIInterfaceOrientationPortrait UIInterfaceOrientationLandscapeLeft UIInterfaceOrientationLandscapeRight";
				LD_RUNPATH_SEARCH_PATHS = (
					"$(inherited)",
					"@executable_path/Frameworks",
				);
				MARKETING_VERSION = 1.0;
				PRODUCT_BUNDLE_IDENTIFIER = "com.codeNinja.Real-Work-Assignment";
				PRODUCT_NAME = "$(TARGET_NAME)";
				SWIFT_EMIT_LOC_STRINGS = YES;
				SWIFT_VERSION = 5.0;
				TARGETED_DEVICE_FAMILY = "1,2";
			};
			name = Release;
		};
/* End XCBuildConfiguration section */

/* Begin XCConfigurationList section */
		8C483AE52ADE5799008F51B6 /* Build configuration list for PBXProject "Real-Work-Assignment" */ = {
			isa = XCConfigurationList;
			buildConfigurations = (
				8C483AFC2ADE579A008F51B6 /* Debug */,
				8C483AFD2ADE579A008F51B6 /* Release */,
			);
			defaultConfigurationIsVisible = 0;
			defaultConfigurationName = Release;
		};
		8C483AFE2ADE579A008F51B6 /* Build configuration list for PBXNativeTarget "Real-Work-Assignment" */ = {
			isa = XCConfigurationList;
			buildConfigurations = (
				8C483AFF2ADE579A008F51B6 /* Debug */,
				8C483B002ADE579A008F51B6 /* Release */,
			);
			defaultConfigurationIsVisible = 0;
			defaultConfigurationName = Release;
		};
/* End XCConfigurationList section */
	};
	rootObject = 8C483AE22ADE5799008F51B6 /* Project object */;
}
